
Microsoft Visual Studio Solution File, Format Version 12.00
# Visual Studio 14
VisualStudioVersion = 14.0.23107.0
MinimumVisualStudioVersion = 10.0.40219.1
Project("{FAE04EC0-301F-11D3-BF4B-00C04F79EFBC}") = "ShaderBaker", "ShaderBaker.csproj", "{28323196-FC47-4021-94B6-CCF5CADB7AA7}"
EndProject
Project("{FAE04EC0-301F-11D3-BF4B-00C04F79EFBC}") = "Svg2Ico", "Svg2Ico\Svg2Ico.csproj", "{5E208507-18AA-4520-92FE-F8799DAB76A8}"
EndProject
Global
	GlobalSection(SolutionConfigurationPlatforms) = preSolution
		Debug|Any CPU = Debug|Any CPU
		Release|Any CPU = Release|Any CPU
	EndGlobalSection
	GlobalSection(ProjectConfigurationPlatforms) = postSolution
		{28323196-FC47-4021-94B6-CCF5CADB7AA7}.Debug|Any CPU.ActiveCfg = Debug|Any CPU
		{28323196-FC47-4021-94B6-CCF5CADB7AA7}.Debug|Any CPU.Build.0 = Debug|Any CPU
		{28323196-FC47-4021-94B6-CCF5CADB7AA7}.Release|Any CPU.ActiveCfg = Release|Any CPU
		{28323196-FC47-4021-94B6-CCF5CADB7AA7}.Release|Any CPU.Build.0 = Release|Any CPU
		{5E208507-18AA-4520-92FE-F8799DAB76A8}.Debug|Any CPU.ActiveCfg = Debug|Any CPU
		{5E208507-18AA-4520-92FE-F8799DAB76A8}.Debug|Any CPU.Build.0 = Debug|Any CPU
		{5E208507-18AA-4520-92FE-F8799DAB76A8}.Release|Any CPU.ActiveCfg = Release|Any CPU
		{5E208507-18AA-4520-92FE-F8799DAB76A8}.Release|Any CPU.Build.0 = Release|Any CPU
	EndGlobalSection
	GlobalSection(SolutionProperties) = preSolution
		HideSolutionNode = FALSE
	EndGlobalSection
EndGlobal
